
Microsoft Visual Studio Solution File, Format Version 12.00
# Visual Studio Version 17
VisualStudioVersion = 17.3.32811.315
MinimumVisualStudioVersion = 10.0.40219.1
Project("{8BC9CEB8-8B4A-11D0-8D11-00A0C91BC942}") = "correct_stringbad", "correct_stringbad.vcxproj", "{DEFA2AE2-0505-470A-9E3F-6B83E5F1595F}"
EndProject
Global
	GlobalSection(SolutionConfigurationPlatforms) = preSolution
		Debug|x64 = Debug|x64
		Debug|x86 = Debug|x86
		Release|x64 = Release|x64
		Release|x86 = Release|x86
	EndGlobalSection
	GlobalSection(ProjectConfigurationPlatforms) = postSolution
		{DEFA2AE2-0505-470A-9E3F-6B83E5F1595F}.Debug|x64.ActiveCfg = Debug|x64
		{DEFA2AE2-0505-470A-9E3F-6B83E5F1595F}.Debug|x64.Build.0 = Debug|x64
		{DEFA2AE2-0505-470A-9E3F-6B83E5F1595F}.Debug|x86.ActiveCfg = Debug|Win32
		{DEFA2AE2-0505-470A-9E3F-6B83E5F1595F}.Debug|x86.Build.0 = Debug|Win32
		{DEFA2AE2-0505-470A-9E3F-6B83E5F1595F}.Release|x64.ActiveCfg = Release|x64
		{DEFA2AE2-0505-470A-9E3F-6B83E5F1595F}.Release|x64.Build.0 = Release|x64
		{DEFA2AE2-0505-470A-9E3F-6B83E5F1595F}.Release|x86.ActiveCfg = Release|Win32
		{DEFA2AE2-0505-470A-9E3F-6B83E5F1595F}.Release|x86.Build.0 = Release|Win32
	EndGlobalSection
	GlobalSection(SolutionProperties) = preSolution
		HideSolutionNode = FALSE
	EndGlobalSection
	GlobalSection(ExtensibilityGlobals) = postSolution
		SolutionGuid = {10F375D1-1880-478D-84B5-FAE5C16B5C0A}
	EndGlobalSection
EndGlobal
